{
  "version": "5",
  "remote": {
    "https://esm.sh/v132/character-entities@2.0.2/deno/character-entities.mjs": "ca3579205b267c92e2b886e2955be80c859b0076015f115ecbaaa353c035fd62",
    "https://esm.sh/v132/decode-named-character-reference@1.0.2/deno/decode-named-character-reference.mjs": "cd26230477d14e9232e38441acba4f21d8129cc054f94efc4c170dbb755581b9",
    "https://esm.sh/v132/longest-streak@3.1.0/deno/longest-streak.mjs": "decc1c95cda6ba6a124093e4557de8c8949cbe0821f92cbfcfd74bbc9bde4794",
    "https://esm.sh/v132/mdast-util-from-markdown@2.0.0": "2b6c6221a6bea6573438a4ac4af7c4f687c452151705f44f4e754cbf508a98a3",
    "https://esm.sh/v132/mdast-util-from-markdown@2.0.0/deno/mdast-util-from-markdown.mjs": "84ee4ca35d959befd1214e0484cf9c2c8bb595c5ca2f1f11e240f9e50fdcb0a6",
    "https://esm.sh/v132/mdast-util-phrasing@4.0.0/deno/mdast-util-phrasing.mjs": "c665f0ede3d783e1db8673a8f12c8e13788e741e880d59d93646f5126cb087c4",
    "https://esm.sh/v132/mdast-util-to-markdown@2.1.0": "cc71c158a820946d0dd9d4e98821faf8324075286312ee71d4d4c38b97414444",
    "https://esm.sh/v132/mdast-util-to-markdown@2.1.0/deno/mdast-util-to-markdown.mjs": "ff022659a2e383615fc69ac6fde179483beffd22139c845894591c52cc1ad360",
    "https://esm.sh/v132/mdast-util-to-string@4.0.0": "4d70c87a801331146858e2a3c418669a90e4c5093a68b9d83183e30615064a69",
    "https://esm.sh/v132/mdast-util-to-string@4.0.0/deno/mdast-util-to-string.mjs": "94b9d4deacca4b8390fb8576476254b8b5f3fa1d2e2b543f516ed33cd0d07d34",
    "https://esm.sh/v132/micromark-core-commonmark@2.0.0/deno/micromark-core-commonmark.mjs": "e003041a6296caffb99ff8708129618ced52f52aa80eb80ebe16f21d6c9a6020",
    "https://esm.sh/v132/micromark-factory-destination@2.0.0/deno/micromark-factory-destination.mjs": "91a8c7bbc006a256ddb7423f5169eb61b2658589ba409c2029a7f74911b03f29",
    "https://esm.sh/v132/micromark-factory-label@2.0.0/deno/micromark-factory-label.mjs": "7b920723c69031d31d6f08d4ad2e81cdb6a317965eba6c62c10015fc8c468e00",
    "https://esm.sh/v132/micromark-factory-space@2.0.0/deno/micromark-factory-space.mjs": "509664a5442b9e153a7b9024169fb7f59770ea6b46035144233c45cfa893e49f",
    "https://esm.sh/v132/micromark-factory-title@2.0.0/deno/micromark-factory-title.mjs": "06d49fc0c7d4b99635965773352b01465625170d738ea60c36c8933bc0b2c7f5",
    "https://esm.sh/v132/micromark-factory-whitespace@2.0.0/deno/micromark-factory-whitespace.mjs": "706ada48da62663176ba8d9ac788c3da39a05a12dab76b4675cdd4631c4300cf",
    "https://esm.sh/v132/micromark-util-character@2.0.1/deno/micromark-util-character.mjs": "696f9c9ea2edcabaca457fd4c68e8894c0e872fccf7d5fea44343d936ff29cc3",
    "https://esm.sh/v132/micromark-util-chunked@2.0.0/deno/micromark-util-chunked.mjs": "4d4c39b6f1ed8888ce638457492caa26877aa4275a1811972af15b95089d8734",
    "https://esm.sh/v132/micromark-util-classify-character@2.0.0/deno/micromark-util-classify-character.mjs": "316386d4bdae82e58134515711d8433bd6658acaf9dd552acbe4e27ee06d698d",
    "https://esm.sh/v132/micromark-util-combine-extensions@2.0.0/deno/micromark-util-combine-extensions.mjs": "dfbde8316785259b2d5bf6577652cca24834245595540937177fed0e13f5ebef",
    "https://esm.sh/v132/micromark-util-decode-numeric-character-reference@2.0.0/deno/micromark-util-decode-numeric-character-reference.mjs": "6338033ee9a11ae770f6c741c1db36521e0873e56ecb2eb8339f74cff57ad8bc",
    "https://esm.sh/v132/micromark-util-decode-string@2.0.0/deno/micromark-util-decode-string.mjs": "83a73e5f7c414e3a3a5f5a697a0570cc4b0e54a8fcd62e7afc6070514a894208",
    "https://esm.sh/v132/micromark-util-encode@2.0.0/deno/micromark-util-encode.mjs": "88f082015c940acf472a69e46ce3708bdf7e5003ac9ad1678f57c7097597f835",
    "https://esm.sh/v132/micromark-util-html-tag-name@2.0.0/deno/micromark-util-html-tag-name.mjs": "5d3a1c93dc252f479b03a341a87d3a8bf209319e4ad60178ef75e303039f1caa",
    "https://esm.sh/v132/micromark-util-normalize-identifier@2.0.0/deno/micromark-util-normalize-identifier.mjs": "b90591f05c508154aeca4062bfd627ce0815d8b854093dc22a8868d3344671d7",
    "https://esm.sh/v132/micromark-util-resolve-all@2.0.0/deno/micromark-util-resolve-all.mjs": "14ee657180f07a91ada6e2268470b29e3c3e38cb8fd4ade89980b8940141c7ab",
    "https://esm.sh/v132/micromark-util-sanitize-uri@2.0.0/deno/micromark-util-sanitize-uri.mjs": "8e984d0460566164af6704948313868bc5a1f8c6264b73f9ca534cbcb926bcdf",
    "https://esm.sh/v132/micromark-util-subtokenize@2.0.0/deno/micromark-util-subtokenize.mjs": "7a39fe1b01cf0b82bdd9d6b8d4d61f03bc00018db416f180eb587135a52851c0",
    "https://esm.sh/v132/micromark@4.0.0/deno/micromark.mjs": "8b598e068178003cacbc8b03713c1de03e209763205411b36d89bb8a78fa04c8",
    "https://esm.sh/v132/unist-builder@4.0.0": "04d674d62cb9e1ca567484e832bab41be2b5d72e49be9657f4a914fba4c2362f",
    "https://esm.sh/v132/unist-builder@4.0.0/deno/unist-builder.mjs": "b1bd29ff3a0c739d8ca41a6b322bfe15db8e452bce71eedadb79f6b630a89fde",
    "https://esm.sh/v132/unist-util-is@6.0.0/deno/unist-util-is.mjs": "9d52fe324dcf35e3561e2599e514799fd8a747456e5824db1f90a09b8e425f1f",
    "https://esm.sh/v132/unist-util-stringify-position@4.0.0/deno/unist-util-stringify-position.mjs": "302250cfc8a6d50a08a2664c1a54c9272a5539ca4151714583b78ccb23232b9c",
    "https://esm.sh/v132/unist-util-visit-parents@6.0.1/deno/do-not-use-color.js": "145ce82ba69d7352dc50929a12ddce340bcbc6015b08e1b5704014eebf359deb",
    "https://esm.sh/v132/unist-util-visit-parents@6.0.1/deno/unist-util-visit-parents.mjs": "c352659c7b52fef9e951b5824c9d0f91d90ecedaebb7148b37daae35ca68a20f",
    "https://esm.sh/v132/unist-util-visit@5.0.0/deno/unist-util-visit.mjs": "d1a8d137260e43ceeb402e6b9bf1edb319273dd8fe4a88622a82ef52fa236b91",
    "https://esm.sh/v132/zwitch@2.0.4/deno/zwitch.mjs": "83c961b515e63534a37ef4cdab9cc5c3bef527506d07c89ecefd4e55657da481"
  },
  "workspace": {
    "packageJson": {
      "dependencies": [
        "npm:@radix-ui/react-slot@^1.0.2",
        "npm:@radix-ui/react-toast@^1.1.5",
        "npm:@supabase/auth-helpers-nextjs@latest",
        "npm:@supabase/supabase-js@latest",
        "npm:@tanstack/react-query@^4.35.7",
        "npm:@types/node@20.3.1",
        "npm:@types/react-dom@18.2.5",
        "npm:@types/react@18.2.12",
        "npm:@xenova/transformers@^2.6.2",
        "npm:autoprefixer@10.4.15",
        "npm:class-variance-authority@0.7",
        "npm:clsx@2",
        "npm:encoding@~0.1.13",
        "npm:lucide-react@0.284",
        "npm:next@^15.3.3",
        "npm:postcss@^8.5.4",
        "npm:react-dom@18.2.0",
        "npm:react@18.2.0",
        "npm:supabase@^2.23.4",
        "npm:tailwind-merge@^1.14.0",
        "npm:tailwindcss-animate@^1.0.7",
        "npm:tailwindcss@3.3.3",
        "npm:three-dots@~0.3.2",
        "npm:typescript@5.1.3"
      ]
    }
  }
}
